
Microsoft Visual Studio Solution File, Format Version 12.00
# Visual Studio Version 17
VisualStudioVersion = 17.0.31903.59
MinimumVisualStudioVersion = 10.0.40219.1
Project("{2150E333-8FDC-42A3-9474-1A3956D46DE8}") = "src", "src", "{827E0CD3-B72D-47B6-A68D-7590B98EB39B}"
EndProject
Project("{FAE04EC0-301F-11D3-BF4B-00C04F79EFBC}") = "WebTask.Api", "src\WebTask.Api\WebTask.Api.csproj", "{5318460B-6E62-4ECE-9BEB-3E35AFBE0140}"
EndProject
Project("{FAE04EC0-301F-11D3-BF4B-00C04F79EFBC}") = "WebTask.TaskService", "src\WebTask.TaskService\WebTask.TaskService.csproj", "{C862E005-6B21-4F96-AD21-A6C3398DB457}"
EndProject
Project("{FAE04EC0-301F-11D3-BF4B-00C04F79EFBC}") = "WebTask.Contracts", "src\WebTask.Contracts\WebTask.Contracts.csproj", "{B4AEC49C-D9DA-4247-8E12-C6FD33258E34}"
EndProject
Project("{2150E333-8FDC-42A3-9474-1A3956D46DE8}") = "tests", "tests", "{0AB3BF05-4346-4AA6-1389-037BE0695223}"
EndProject
Project("{FAE04EC0-301F-11D3-BF4B-00C04F79EFBC}") = "WebTask.Tests", "tests\WebTask.Tests\WebTask.Tests.csproj", "{DC4C2174-BC9D-4374-9948-DF3A6A03C708}"
EndProject
Project("{FAE04EC0-301F-11D3-BF4B-00C04F79EFBC}") = "WebTask.AuthService", "src\WebTask.AuthService\WebTask.AuthService.csproj", "{150F15CE-4D27-4A34-81F6-35F1AE3AB192}"
EndProject
Project("{FAE04EC0-301F-11D3-BF4B-00C04F79EFBC}") = "WebTask.ProjectService", "src\WebTask.ProjectService\WebTask.ProjectService.csproj", "{C1307BBC-9E55-4F63-A4E5-64DB63A1B6A5}"
EndProject
Project("{FAE04EC0-301F-11D3-BF4B-00C04F79EFBC}") = "WebTask.Shared", "src\WebTask.Shared\WebTask.Shared.csproj", "{9E788254-EB6F-43CF-9FFC-8A0852483108}"
EndProject
Global
	GlobalSection(SolutionConfigurationPlatforms) = preSolution
		Debug|Any CPU = Debug|Any CPU
		Debug|x64 = Debug|x64
		Debug|x86 = Debug|x86
		Release|Any CPU = Release|Any CPU
		Release|x64 = Release|x64
		Release|x86 = Release|x86
	EndGlobalSection
	GlobalSection(ProjectConfigurationPlatforms) = postSolution
		{5318460B-6E62-4ECE-9BEB-3E35AFBE0140}.Debug|Any CPU.ActiveCfg = Debug|Any CPU
		{5318460B-6E62-4ECE-9BEB-3E35AFBE0140}.Debug|Any CPU.Build.0 = Debug|Any CPU
		{5318460B-6E62-4ECE-9BEB-3E35AFBE0140}.Debug|x64.ActiveCfg = Debug|Any CPU
		{5318460B-6E62-4ECE-9BEB-3E35AFBE0140}.Debug|x64.Build.0 = Debug|Any CPU
		{5318460B-6E62-4ECE-9BEB-3E35AFBE0140}.Debug|x86.ActiveCfg = Debug|Any CPU
		{5318460B-6E62-4ECE-9BEB-3E35AFBE0140}.Debug|x86.Build.0 = Debug|Any CPU
		{5318460B-6E62-4ECE-9BEB-3E35AFBE0140}.Release|Any CPU.ActiveCfg = Release|Any CPU
		{5318460B-6E62-4ECE-9BEB-3E35AFBE0140}.Release|Any CPU.Build.0 = Release|Any CPU
		{5318460B-6E62-4ECE-9BEB-3E35AFBE0140}.Release|x64.ActiveCfg = Release|Any CPU
		{5318460B-6E62-4ECE-9BEB-3E35AFBE0140}.Release|x64.Build.0 = Release|Any CPU
		{5318460B-6E62-4ECE-9BEB-3E35AFBE0140}.Release|x86.ActiveCfg = Release|Any CPU
		{5318460B-6E62-4ECE-9BEB-3E35AFBE0140}.Release|x86.Build.0 = Release|Any CPU
		{C862E005-6B21-4F96-AD21-A6C3398DB457}.Debug|Any CPU.ActiveCfg = Debug|Any CPU
		{C862E005-6B21-4F96-AD21-A6C3398DB457}.Debug|Any CPU.Build.0 = Debug|Any CPU
		{C862E005-6B21-4F96-AD21-A6C3398DB457}.Debug|x64.ActiveCfg = Debug|Any CPU
		{C862E005-6B21-4F96-AD21-A6C3398DB457}.Debug|x64.Build.0 = Debug|Any CPU
		{C862E005-6B21-4F96-AD21-A6C3398DB457}.Debug|x86.ActiveCfg = Debug|Any CPU
		{C862E005-6B21-4F96-AD21-A6C3398DB457}.Debug|x86.Build.0 = Debug|Any CPU
		{C862E005-6B21-4F96-AD21-A6C3398DB457}.Release|Any CPU.ActiveCfg = Release|Any CPU
		{C862E005-6B21-4F96-AD21-A6C3398DB457}.Release|Any CPU.Build.0 = Release|Any CPU
		{C862E005-6B21-4F96-AD21-A6C3398DB457}.Release|x64.ActiveCfg = Release|Any CPU
		{C862E005-6B21-4F96-AD21-A6C3398DB457}.Release|x64.Build.0 = Release|Any CPU
		{C862E005-6B21-4F96-AD21-A6C3398DB457}.Release|x86.ActiveCfg = Release|Any CPU
		{C862E005-6B21-4F96-AD21-A6C3398DB457}.Release|x86.Build.0 = Release|Any CPU
		{B4AEC49C-D9DA-4247-8E12-C6FD33258E34}.Debug|Any CPU.ActiveCfg = Debug|Any CPU
		{B4AEC49C-D9DA-4247-8E12-C6FD33258E34}.Debug|Any CPU.Build.0 = Debug|Any CPU
		{B4AEC49C-D9DA-4247-8E12-C6FD33258E34}.Debug|x64.ActiveCfg = Debug|Any CPU
		{B4AEC49C-D9DA-4247-8E12-C6FD33258E34}.Debug|x64.Build.0 = Debug|Any CPU
		{B4AEC49C-D9DA-4247-8E12-C6FD33258E34}.Debug|x86.ActiveCfg = Debug|Any CPU
		{B4AEC49C-D9DA-4247-8E12-C6FD33258E34}.Debug|x86.Build.0 = Debug|Any CPU
		{B4AEC49C-D9DA-4247-8E12-C6FD33258E34}.Release|Any CPU.ActiveCfg = Release|Any CPU
		{B4AEC49C-D9DA-4247-8E12-C6FD33258E34}.Release|Any CPU.Build.0 = Release|Any CPU
		{B4AEC49C-D9DA-4247-8E12-C6FD33258E34}.Release|x64.ActiveCfg = Release|Any CPU
		{B4AEC49C-D9DA-4247-8E12-C6FD33258E34}.Release|x64.Build.0 = Release|Any CPU
		{B4AEC49C-D9DA-4247-8E12-C6FD33258E34}.Release|x86.ActiveCfg = Release|Any CPU
		{B4AEC49C-D9DA-4247-8E12-C6FD33258E34}.Release|x86.Build.0 = Release|Any CPU
		{DC4C2174-BC9D-4374-9948-DF3A6A03C708}.Debug|Any CPU.ActiveCfg = Debug|Any CPU
		{DC4C2174-BC9D-4374-9948-DF3A6A03C708}.Debug|Any CPU.Build.0 = Debug|Any CPU
		{DC4C2174-BC9D-4374-9948-DF3A6A03C708}.Debug|x64.ActiveCfg = Debug|Any CPU
		{DC4C2174-BC9D-4374-9948-DF3A6A03C708}.Debug|x64.Build.0 = Debug|Any CPU
		{DC4C2174-BC9D-4374-9948-DF3A6A03C708}.Debug|x86.ActiveCfg = Debug|Any CPU
		{DC4C2174-BC9D-4374-9948-DF3A6A03C708}.Debug|x86.Build.0 = Debug|Any CPU
		{DC4C2174-BC9D-4374-9948-DF3A6A03C708}.Release|Any CPU.ActiveCfg = Release|Any CPU
		{DC4C2174-BC9D-4374-9948-DF3A6A03C708}.Release|Any CPU.Build.0 = Release|Any CPU
		{DC4C2174-BC9D-4374-9948-DF3A6A03C708}.Release|x64.ActiveCfg = Release|Any CPU
		{DC4C2174-BC9D-4374-9948-DF3A6A03C708}.Release|x64.Build.0 = Release|Any CPU
		{DC4C2174-BC9D-4374-9948-DF3A6A03C708}.Release|x86.ActiveCfg = Release|Any CPU
		{DC4C2174-BC9D-4374-9948-DF3A6A03C708}.Release|x86.Build.0 = Release|Any CPU
		{150F15CE-4D27-4A34-81F6-35F1AE3AB192}.Debug|Any CPU.ActiveCfg = Debug|Any CPU
		{150F15CE-4D27-4A34-81F6-35F1AE3AB192}.Debug|Any CPU.Build.0 = Debug|Any CPU
		{150F15CE-4D27-4A34-81F6-35F1AE3AB192}.Debug|x64.ActiveCfg = Debug|Any CPU
		{150F15CE-4D27-4A34-81F6-35F1AE3AB192}.Debug|x64.Build.0 = Debug|Any CPU
		{150F15CE-4D27-4A34-81F6-35F1AE3AB192}.Debug|x86.ActiveCfg = Debug|Any CPU
		{150F15CE-4D27-4A34-81F6-35F1AE3AB192}.Debug|x86.Build.0 = Debug|Any CPU
		{150F15CE-4D27-4A34-81F6-35F1AE3AB192}.Release|Any CPU.ActiveCfg = Release|Any CPU
		{150F15CE-4D27-4A34-81F6-35F1AE3AB192}.Release|Any CPU.Build.0 = Release|Any CPU
		{150F15CE-4D27-4A34-81F6-35F1AE3AB192}.Release|x64.ActiveCfg = Release|Any CPU
		{150F15CE-4D27-4A34-81F6-35F1AE3AB192}.Release|x64.Build.0 = Release|Any CPU
		{150F15CE-4D27-4A34-81F6-35F1AE3AB192}.Release|x86.ActiveCfg = Release|Any CPU
		{150F15CE-4D27-4A34-81F6-35F1AE3AB192}.Release|x86.Build.0 = Release|Any CPU
		{C1307BBC-9E55-4F63-A4E5-64DB63A1B6A5}.Debug|Any CPU.ActiveCfg = Debug|Any CPU
		{C1307BBC-9E55-4F63-A4E5-64DB63A1B6A5}.Debug|Any CPU.Build.0 = Debug|Any CPU
		{C1307BBC-9E55-4F63-A4E5-64DB63A1B6A5}.Debug|x64.ActiveCfg = Debug|Any CPU
		{C1307BBC-9E55-4F63-A4E5-64DB63A1B6A5}.Debug|x64.Build.0 = Debug|Any CPU
		{C1307BBC-9E55-4F63-A4E5-64DB63A1B6A5}.Debug|x86.ActiveCfg = Debug|Any CPU
		{C1307BBC-9E55-4F63-A4E5-64DB63A1B6A5}.Debug|x86.Build.0 = Debug|Any CPU
		{C1307BBC-9E55-4F63-A4E5-64DB63A1B6A5}.Release|Any CPU.ActiveCfg = Release|Any CPU
		{C1307BBC-9E55-4F63-A4E5-64DB63A1B6A5}.Release|Any CPU.Build.0 = Release|Any CPU
		{C1307BBC-9E55-4F63-A4E5-64DB63A1B6A5}.Release|x64.ActiveCfg = Release|Any CPU
		{C1307BBC-9E55-4F63-A4E5-64DB63A1B6A5}.Release|x64.Build.0 = Release|Any CPU
		{C1307BBC-9E55-4F63-A4E5-64DB63A1B6A5}.Release|x86.ActiveCfg = Release|Any CPU
		{C1307BBC-9E55-4F63-A4E5-64DB63A1B6A5}.Release|x86.Build.0 = Release|Any CPU
		{9E788254-EB6F-43CF-9FFC-8A0852483108}.Debug|Any CPU.ActiveCfg = Debug|Any CPU
		{9E788254-EB6F-43CF-9FFC-8A0852483108}.Debug|Any CPU.Build.0 = Debug|Any CPU
		{9E788254-EB6F-43CF-9FFC-8A0852483108}.Debug|x64.ActiveCfg = Debug|Any CPU
		{9E788254-EB6F-43CF-9FFC-8A0852483108}.Debug|x64.Build.0 = Debug|Any CPU
		{9E788254-EB6F-43CF-9FFC-8A0852483108}.Debug|x86.ActiveCfg = Debug|Any CPU
		{9E788254-EB6F-43CF-9FFC-8A0852483108}.Debug|x86.Build.0 = Debug|Any CPU
		{9E788254-EB6F-43CF-9FFC-8A0852483108}.Release|Any CPU.ActiveCfg = Release|Any CPU
		{9E788254-EB6F-43CF-9FFC-8A0852483108}.Release|Any CPU.Build.0 = Release|Any CPU
		{9E788254-EB6F-43CF-9FFC-8A0852483108}.Release|x64.ActiveCfg = Release|Any CPU
		{9E788254-EB6F-43CF-9FFC-8A0852483108}.Release|x64.Build.0 = Release|Any CPU
		{9E788254-EB6F-43CF-9FFC-8A0852483108}.Release|x86.ActiveCfg = Release|Any CPU
		{9E788254-EB6F-43CF-9FFC-8A0852483108}.Release|x86.Build.0 = Release|Any CPU
	EndGlobalSection
	GlobalSection(SolutionProperties) = preSolution
		HideSolutionNode = FALSE
	EndGlobalSection
	GlobalSection(NestedProjects) = preSolution
		{5318460B-6E62-4ECE-9BEB-3E35AFBE0140} = {827E0CD3-B72D-47B6-A68D-7590B98EB39B}
		{C862E005-6B21-4F96-AD21-A6C3398DB457} = {827E0CD3-B72D-47B6-A68D-7590B98EB39B}
		{B4AEC49C-D9DA-4247-8E12-C6FD33258E34} = {827E0CD3-B72D-47B6-A68D-7590B98EB39B}
		{DC4C2174-BC9D-4374-9948-DF3A6A03C708} = {0AB3BF05-4346-4AA6-1389-037BE0695223}
		{150F15CE-4D27-4A34-81F6-35F1AE3AB192} = {827E0CD3-B72D-47B6-A68D-7590B98EB39B}
		{C1307BBC-9E55-4F63-A4E5-64DB63A1B6A5} = {827E0CD3-B72D-47B6-A68D-7590B98EB39B}
		{9E788254-EB6F-43CF-9FFC-8A0852483108} = {827E0CD3-B72D-47B6-A68D-7590B98EB39B}
	EndGlobalSection
EndGlobal
